
Microsoft Visual Studio Solution File, Format Version 12.00
# Visual Studio Version 17
VisualStudioVersion = 17.14.36121.58
MinimumVisualStudioVersion = 10.0.40219.1
Project("{2150E333-8FDC-42A3-9474-1A3956D46DE8}") = "FrontEnd", "FrontEnd", "{02EA681E-C7D8-13C7-8484-4AC65E1B71E8}"
EndProject
Project("{2150E333-8FDC-42A3-9474-1A3956D46DE8}") = "Gateway", "Gateway", "{8C99BBAC-81A7-46FB-84F3-0DE93CC86DB4}"
EndProject
Project("{2150E333-8FDC-42A3-9474-1A3956D46DE8}") = "Integration", "Integration", "{83D95546-4C54-4DF4-8739-190E9940F868}"
EndProject
Project("{2150E333-8FDC-42A3-9474-1A3956D46DE8}") = "Services", "Services", "{87B2136C-28A8-46B8-8F66-36AE367EE2CE}"
EndProject
Project("{FAE04EC0-301F-11D3-BF4B-00C04F79EFBC}") = "Mango.Services.CouponAPI", "Mango.Services.CouponAPI\Mango.Services.CouponAPI.csproj", "{F3687F89-CF85-4848-A202-77F5B91F1240}"
EndProject
Project("{2150E333-8FDC-42A3-9474-1A3956D46DE8}") = "Solution Items", "Solution Items", "{2EC3E281-B76F-4512-B88C-375EFD1BAD13}"
	ProjectSection(SolutionItems) = preProject
		.editorconfig = .editorconfig
	EndProjectSection
EndProject
Project("{FAE04EC0-301F-11D3-BF4B-00C04F79EFBC}") = "Mango.Web", "Mango.Web\Mango.Web.csproj", "{C02E0CBF-DEDC-4438-AB76-62C5BEE5481D}"
EndProject
Project("{FAE04EC0-301F-11D3-BF4B-00C04F79EFBC}") = "Mango.Services.AuthAPI", "Mango.Services.AuthAPI\Mango.Services.AuthAPI.csproj", "{27BE4ECF-8BE1-4EC7-A764-C6FC1399F380}"
EndProject
Global
	GlobalSection(SolutionConfigurationPlatforms) = preSolution
		Debug|Any CPU = Debug|Any CPU
		Release|Any CPU = Release|Any CPU
	EndGlobalSection
	GlobalSection(ProjectConfigurationPlatforms) = postSolution
		{F3687F89-CF85-4848-A202-77F5B91F1240}.Debug|Any CPU.ActiveCfg = Debug|Any CPU
		{F3687F89-CF85-4848-A202-77F5B91F1240}.Debug|Any CPU.Build.0 = Debug|Any CPU
		{F3687F89-CF85-4848-A202-77F5B91F1240}.Release|Any CPU.ActiveCfg = Release|Any CPU
		{F3687F89-CF85-4848-A202-77F5B91F1240}.Release|Any CPU.Build.0 = Release|Any CPU
		{C02E0CBF-DEDC-4438-AB76-62C5BEE5481D}.Debug|Any CPU.ActiveCfg = Debug|Any CPU
		{C02E0CBF-DEDC-4438-AB76-62C5BEE5481D}.Debug|Any CPU.Build.0 = Debug|Any CPU
		{C02E0CBF-DEDC-4438-AB76-62C5BEE5481D}.Release|Any CPU.ActiveCfg = Release|Any CPU
		{C02E0CBF-DEDC-4438-AB76-62C5BEE5481D}.Release|Any CPU.Build.0 = Release|Any CPU
		{27BE4ECF-8BE1-4EC7-A764-C6FC1399F380}.Debug|Any CPU.ActiveCfg = Debug|Any CPU
		{27BE4ECF-8BE1-4EC7-A764-C6FC1399F380}.Debug|Any CPU.Build.0 = Debug|Any CPU
		{27BE4ECF-8BE1-4EC7-A764-C6FC1399F380}.Release|Any CPU.ActiveCfg = Release|Any CPU
		{27BE4ECF-8BE1-4EC7-A764-C6FC1399F380}.Release|Any CPU.Build.0 = Release|Any CPU
	EndGlobalSection
	GlobalSection(SolutionProperties) = preSolution
		HideSolutionNode = FALSE
	EndGlobalSection
	GlobalSection(NestedProjects) = preSolution
		{F3687F89-CF85-4848-A202-77F5B91F1240} = {87B2136C-28A8-46B8-8F66-36AE367EE2CE}
		{C02E0CBF-DEDC-4438-AB76-62C5BEE5481D} = {02EA681E-C7D8-13C7-8484-4AC65E1B71E8}
		{27BE4ECF-8BE1-4EC7-A764-C6FC1399F380} = {87B2136C-28A8-46B8-8F66-36AE367EE2CE}
	EndGlobalSection
	GlobalSection(ExtensibilityGlobals) = postSolution
		SolutionGuid = {B537FB2F-4B00-4F6A-92D7-D1A1337E8F3C}
	EndGlobalSection
EndGlobal
